{
  "name": "astal-shell",
  "lockfileVersion": 3,
  "requires": true,
  "packages": {
    "": {
      "name": "astal-shell",
      "dependencies": {
        "@girs/cairo-1.0": "^1.0.0-4.0.0-beta.23",
        "astal": "/usr/share/astal/gjs/",
        "rxjs": "^7.8.2",
        "rxjs-etc": "^10.6.2"
      }
    },
    "../../../../usr/share/astal/gjs": {
      "name": "astal",
      "license": "LGPL-2.1"
    },
    "node_modules/@girs/cairo-1.0": {
      "version": "1.0.0-4.0.0-beta.23",
      "resolved": "https://registry.npmjs.org/@girs/cairo-1.0/-/cairo-1.0-1.0.0-4.0.0-beta.23.tgz",
      "integrity": "sha512-t5fADO+9TmZy8Xzk6Fqk23B3bmakzhNQxa3kFERzy2cL8p1q1pAWm1ARNcadIsl2IbflS4Hbn5sAwRwOm8W67A==",
      "license": "MIT",
      "dependencies": {
        "@girs/gjs": "^4.0.0-beta.23",
        "@girs/glib-2.0": "^2.84.0-4.0.0-beta.23",
        "@girs/gobject-2.0": "^2.84.0-4.0.0-beta.23"
      }
    },
    "node_modules/@girs/gio-2.0": {
      "version": "2.84.0-4.0.0-beta.23",
      "resolved": "https://registry.npmjs.org/@girs/gio-2.0/-/gio-2.0-2.84.0-4.0.0-beta.23.tgz",
      "integrity": "sha512-FcGgYQ96KhdeFJvUYsIm0XmOYaYnTfpHKzPUOW4IcJm5q38RNDKgoijBMfedv3fMxnPDtpMb08ZFD6P1GjJY8A==",
      "license": "MIT",
      "dependencies": {
        "@girs/gjs": "^4.0.0-beta.23",
        "@girs/glib-2.0": "^2.84.0-4.0.0-beta.23",
        "@girs/gmodule-2.0": "^2.0.0-4.0.0-beta.23",
        "@girs/gobject-2.0": "^2.84.0-4.0.0-beta.23"
      }
    },
    "node_modules/@girs/gjs": {
      "version": "4.0.0-beta.23",
      "resolved": "https://registry.npmjs.org/@girs/gjs/-/gjs-4.0.0-beta.23.tgz",
      "integrity": "sha512-Yz1s23WaGAsVHetWFReVxeYDJbVFtJ6KZ7u+qzWa/B3P2mB+5aXpGc7nV6Bx7GbRc48FuGgtbKxVo0rq26Ug/Q==",
      "license": "MIT",
      "dependencies": {
        "@girs/cairo-1.0": "^1.0.0-4.0.0-beta.23",
        "@girs/gio-2.0": "^2.84.0-4.0.0-beta.23",
        "@girs/glib-2.0": "^2.84.0-4.0.0-beta.23",
        "@girs/gobject-2.0": "^2.84.0-4.0.0-beta.23"
      }
    },
    "node_modules/@girs/glib-2.0": {
      "version": "2.84.0-4.0.0-beta.23",
      "resolved": "https://registry.npmjs.org/@girs/glib-2.0/-/glib-2.0-2.84.0-4.0.0-beta.23.tgz",
      "integrity": "sha512-epQae3f9rDeIrEgA9hOEiNAppJYQAfVRZ4Uh/0yO9NtAQR6PTfXUpjotw9ndjVxsHpEmRODoM2t/kytCYqKmVg==",
      "license": "MIT",
      "dependencies": {
        "@girs/gjs": "^4.0.0-beta.23",
        "@girs/gobject-2.0": "^2.84.0-4.0.0-beta.23"
      }
    },
    "node_modules/@girs/gmodule-2.0": {
      "version": "2.0.0-4.0.0-beta.23",
      "resolved": "https://registry.npmjs.org/@girs/gmodule-2.0/-/gmodule-2.0-2.0.0-4.0.0-beta.23.tgz",
      "integrity": "sha512-Dc+Pq1peNlwQ0o/WFsUzT1qt3oqgMLBhzjEfOTGAD0Jw1Ut3QCoBuryVFFNMIruOKnSSBoBnQO7Qelly5aSd2w==",
      "license": "MIT",
      "dependencies": {
        "@girs/gjs": "^4.0.0-beta.23",
        "@girs/glib-2.0": "^2.84.0-4.0.0-beta.23",
        "@girs/gobject-2.0": "^2.84.0-4.0.0-beta.23"
      }
    },
    "node_modules/@girs/gobject-2.0": {
      "version": "2.84.0-4.0.0-beta.23",
      "resolved": "https://registry.npmjs.org/@girs/gobject-2.0/-/gobject-2.0-2.84.0-4.0.0-beta.23.tgz",
      "integrity": "sha512-GNWQDLo+Nmq2FQNPljKKh4Zplp8vZwwr0hj1sf4lbJ36zbVsovrhfNozqaph0XNjv8vtHeTcXUocGQprM9FHCg==",
      "license": "MIT",
      "dependencies": {
        "@girs/gjs": "^4.0.0-beta.23",
        "@girs/glib-2.0": "^2.84.0-4.0.0-beta.23"
      }
    },
    "node_modules/astal": {
      "resolved": "../../../../usr/share/astal/gjs",
      "link": true
    },
    "node_modules/memoize-resolver": {
      "version": "1.0.0",
      "resolved": "https://registry.npmjs.org/memoize-resolver/-/memoize-resolver-1.0.0.tgz",
      "integrity": "sha512-mXfNXte0RSWl0rEIsQhXutfM2R2Oa7UyKDD7XoZMEbKeucTRms04y5y41U8gLqPzRx7ViN/QyYnTR2TX/5tawA==",
      "license": "MIT"
    },
    "node_modules/rxjs": {
      "version": "7.8.2",
      "resolved": "https://registry.npmjs.org/rxjs/-/rxjs-7.8.2.tgz",
      "integrity": "sha512-dhKf903U/PQZY6boNNtAGdWbG85WAbjT/1xYoZIC7FAY0yWapOBQVsVrDl58W86//e1VpMNBtRV4MaXfdMySFA==",
      "license": "Apache-2.0",
      "dependencies": {
        "tslib": "^2.1.0"
      }
    },
    "node_modules/rxjs-etc": {
      "version": "10.6.2",
      "resolved": "https://registry.npmjs.org/rxjs-etc/-/rxjs-etc-10.6.2.tgz",
      "integrity": "sha512-OmXhrTsEqcIT4PX1TSf+iRsah3sjMEQ27z7aXCc96xwiKr18RWhvtxUyGnvKMBwF8AavwLXELAMKA8ImgKXeoA==",
      "license": "MIT",
      "dependencies": {
        "memoize-resolver": "~1.0.0"
      },
      "peerDependencies": {
        "rxjs": "^6.0.0 || ^7.0.0"
      }
    },
    "node_modules/tslib": {
      "version": "2.8.1",
      "resolved": "https://registry.npmjs.org/tslib/-/tslib-2.8.1.tgz",
      "integrity": "sha512-oJFu94HQb+KVduSUQL7wnpmqnfmLsOA/nAh6b6EH0wCEoK0/mPeXU6c3wKDV83MkOuHPRHtSXKKU99IBazS/2w==",
      "license": "0BSD"
    }
  }
}
